Microsoft Visual Studio Solution File, Format Version 12.00
# Visual Studio Version 17
VisualStudioVersion = 17.0.31903.59
MinimumVisualStudioVersion = 10.0.40219.1
Project("{9A19103F-16F7-4668-BE54-9A1E7A4F7556}") = "StopwatchApp", "StopwatchApp\StopwatchApp.csproj", "{8F8E2F7B-6A84-4C8D-9B5A-1F2E3D4C5B6A}"
EndProject
Project("{9A19103F-16F7-4668-BE54-9A1E7A4F7556}") = "StopwatchApp.Tests", "StopwatchApp.Tests\StopwatchApp.Tests.csproj", "{7F7D1E8C-5B73-4D7E-8B4A-2E3F4D5C6B7A}"
EndProject
Global
	GlobalSection(SolutionConfigurationPlatforms) = preSolution
		Debug|Any CPU = Debug|Any CPU
		Release|Any CPU = Release|Any CPU
	EndGlobalSection
	GlobalSection(ProjectConfigurationPlatforms) = postSolution
		{8F8E2F7B-6A84-4C8D-9B5A-1F2E3D4C5B6A}.Debug|Any CPU.ActiveCfg = Debug|Any CPU
		{8F8E2F7B-6A84-4C8D-9B5A-1F2E3D4C5B6A}.Debug|Any CPU.Build.0 = Debug|Any CPU
		{8F8E2F7B-6A84-4C8D-9B5A-1F2E3D4C5B6A}.Release|Any CPU.ActiveCfg = Release|Any CPU
		{8F8E2F7B-6A84-4C8D-9B5A-1F2E3D4C5B6A}.Release|Any CPU.Build.0 = Release|Any CPU
		{7F7D1E8C-5B73-4D7E-8B4A-2E3F4D5C6B7A}.Debug|Any CPU.ActiveCfg = Debug|Any CPU
		{7F7D1E8C-5B73-4D7E-8B4A-2E3F4D5C6B7A}.Debug|Any CPU.Build.0 = Debug|Any CPU
		{7F7D1E8C-5B73-4D7E-8B4A-2E3F4D5C6B7A}.Release|Any CPU.ActiveCfg = Release|Any CPU
		{7F7D1E8C-5B73-4D7E-8B4A-2E3F4D5C6B7A}.Release|Any CPU.Build.0 = Release|Any CPU
	EndGlobalSection
	GlobalSection(SolutionProperties) = preSolution
		HideSolutionNode = FALSE
	EndGlobalSection
EndGlobal